
Microsoft Visual Studio Solution File, Format Version 11.00
# Visual Studio 2010
Project("{FAE04EC0-301F-11D3-BF4B-00C04F79EFBC}") = "NMD430 Car Simulation", "Assembly-CSharp.csproj", "{40B70E53-250E-9ACE-90CA-82393DAE8FDC}"
EndProject
Project("{FAE04EC0-301F-11D3-BF4B-00C04F79EFBC}") = "NMD430 Car Simulation", "Assembly-CSharp-Editor.csproj", "{43480FE4-80D6-0231-0814-E923588FB928}"
EndProject
Global
	GlobalSection(SolutionConfigurationPlatforms) = preSolution
		Debug|Any CPU = Debug|Any CPU
		Release|Any CPU = Release|Any CPU
	EndGlobalSection
	GlobalSection(ProjectConfigurationPlatforms) = postSolution
		{40B70E53-250E-9ACE-90CA-82393DAE8FDC}.Debug|Any CPU.ActiveCfg = Debug|Any CPU
		{40B70E53-250E-9ACE-90CA-82393DAE8FDC}.Debug|Any CPU.Build.0 = Debug|Any CPU
		{40B70E53-250E-9ACE-90CA-82393DAE8FDC}.Release|Any CPU.ActiveCfg = Release|Any CPU
		{40B70E53-250E-9ACE-90CA-82393DAE8FDC}.Release|Any CPU.Build.0 = Release|Any CPU
		{43480FE4-80D6-0231-0814-E923588FB928}.Debug|Any CPU.ActiveCfg = Debug|Any CPU
		{43480FE4-80D6-0231-0814-E923588FB928}.Debug|Any CPU.Build.0 = Debug|Any CPU
		{43480FE4-80D6-0231-0814-E923588FB928}.Release|Any CPU.ActiveCfg = Release|Any CPU
		{43480FE4-80D6-0231-0814-E923588FB928}.Release|Any CPU.Build.0 = Release|Any CPU
	EndGlobalSection
	GlobalSection(SolutionProperties) = preSolution
		HideSolutionNode = FALSE
	EndGlobalSection
	GlobalSection(MonoDevelopProperties) = preSolution
		StartupItem = Assembly-CSharp.csproj
	EndGlobalSection
EndGlobal
